{
  "version": "5",
  "redirects": {
    "https://esm.sh/@supabase/node-fetch@^2.6.14?target=denonext": "https://esm.sh/@supabase/node-fetch@2.6.15?target=denonext",
    "https://esm.sh/@supabase/supabase-js@2": "https://esm.sh/@supabase/supabase-js@2.47.16",
    "https://esm.sh/@types/ws@~8.18.1/index.d.mts": "https://esm.sh/@types/ws@8.18.1/index.d.mts",
    "https://esm.sh/bufferutil@^4.0.1?target=denonext": "https://esm.sh/bufferutil@4.0.9?target=denonext",
    "https://esm.sh/node-gyp-build@^4.3.0?target=denonext": "https://esm.sh/node-gyp-build@4.8.4?target=denonext",
    "https://esm.sh/tr46@~0.0.3?target=denonext": "https://esm.sh/tr46@0.0.3?target=denonext",
    "https://esm.sh/utf-8-validate@%3E=5.0.2?target=denonext": "https://esm.sh/utf-8-validate@6.0.5?target=denonext",
    "https://esm.sh/webidl-conversions@^3.0.0?target=denonext": "https://esm.sh/webidl-conversions@3.0.1?target=denonext",
    "https://esm.sh/whatwg-url@^5.0.0?target=denonext": "https://esm.sh/whatwg-url@5.0.0?target=denonext",
    "https://esm.sh/ws@^8.14.2?target=denonext": "https://esm.sh/ws@8.18.2?target=denonext",
    "https://esm.sh/ws@^8.18.0?target=denonext": "https://esm.sh/ws@8.18.2?target=denonext"
  },
  "remote": {
    "https://deno.land/std@0.168.0/fmt/colors.ts": "03ad95e543d2808bc43c17a3dd29d25b43d0f16287fe562a0be89bf632454a12",
    "https://deno.land/std@0.168.0/testing/_diff.ts": "a23e7fc2b4d8daa3e158fa06856bedf5334ce2a2831e8bf9e509717f455adb2c",
    "https://deno.land/std@0.168.0/testing/_format.ts": "cd11136e1797791045e639e9f0f4640d5b4166148796cad37e6ef75f7d7f3832",
    "https://deno.land/std@0.168.0/testing/_test_suite.ts": "2d07073d5460a4e3ec50c55ae822cd9bd136926d7363091379947fef9c73c3e4",
    "https://deno.land/std@0.168.0/testing/asserts.ts": "51353e79437361d4b02d8e32f3fc83b22231bc8f8d4c841d86fd32b0b0afe940",
    "https://deno.land/std@0.168.0/testing/bdd.ts": "9c2cd8473968e14fa8fe29f261c607aac0350ab5a63bc4f5650b8d1554372c5f",
    "https://deno.land/std@0.224.0/dotenv/load.ts": "587b342f0f6a3df071331fe6ba1c823729ab68f7d53805809475e486dd4161d7",
    "https://deno.land/std@0.224.0/dotenv/mod.ts": "0180eaeedaaf88647318811cdaa418cc64dc51fb08354f91f5f480d0a1309f7d",
    "https://deno.land/std@0.224.0/dotenv/parse.ts": "09977ff88dfd1f24f9973a338f0f91bbdb9307eb5ff6085446e7c423e4c7ba0c",
    "https://deno.land/std@0.224.0/dotenv/stringify.ts": "275da322c409170160440836342eaa7cf012a1d11a7e700d8ca4e7f2f8aa4615",
    "https://esm.sh/@supabase/auth-js@2.67.3/denonext/auth-js.mjs": "95cad9d3f1829294d4f277191e4b937ca297a63054f14deccf3ac1dfcd9bd1ad",
    "https://esm.sh/@supabase/functions-js@2.1.5/denonext/functions-js.mjs": "e6c31ad2262a84ed55da33f4a253a9ec5cd5cc41a6b4393b5ab9b0a108a2e9a8",
    "https://esm.sh/@supabase/functions-js@2.4.4/denonext/functions-js.mjs": "7adeb257410ef3c4a8a1eb9b4ff416c0075d1c32860ca04913c8a9dace1de6a6",
    "https://esm.sh/@supabase/gotrue-js@2.62.2/denonext/gotrue-js.mjs": "d3dd1c95a023b518efab9fc1fb8fa172458864a4e0f4a95b5e77f8a0df526054",
    "https://esm.sh/@supabase/node-fetch@2.6.15/denonext/node-fetch.mjs": "0bae9052231f4f6dbccc7234d05ea96923dbf967be12f402764580b6bf9f713d",
    "https://esm.sh/@supabase/node-fetch@2.6.15?target=denonext": "4d28c4ad97328403184353f68434f2b6973971507919e9150297413664919cf3",
    "https://esm.sh/@supabase/postgrest-js@1.17.11/denonext/postgrest-js.mjs": "f04010b04ec4a485f39435a3239e846810626b034106f5435c149573e4341383",
    "https://esm.sh/@supabase/postgrest-js@1.9.2/denonext/postgrest-js.mjs": "216c149bc04130518774d10fcf2df5d1c1369d985fee7fe942840f6f77459e27",
    "https://esm.sh/@supabase/realtime-js@2.11.2/denonext/realtime-js.mjs": "c33ac375b6be89c893f9df844d2525a4ace015a35aa6ba236270d00c6605c7ba",
    "https://esm.sh/@supabase/realtime-js@2.9.3/denonext/realtime-js.mjs": "aac782e4fcf8d2e2f4b2592f566a0324b19b0262a2938a0c8ce546c681faef14",
    "https://esm.sh/@supabase/storage-js@2.5.5/denonext/storage-js.mjs": "a952ba6fdc889a4ae8d671ce4d1a152702c1caa3158eb2269a0208b091856075",
    "https://esm.sh/@supabase/storage-js@2.7.1/denonext/storage-js.mjs": "73ac8cdc95cfcd794fe603dbd7ce06d539ab51538ae6467eabe0f9cc26c993aa",
    "https://esm.sh/@supabase/supabase-js@2.39.7": "5361671c958daa350e504d9975da64b2d6dc9e81390b985ccdafb2e3572e24e7",
    "https://esm.sh/@supabase/supabase-js@2.39.7/denonext/supabase-js.mjs": "a98935fe4ce94ad395f140b22ada7a4f505ed242700f76302d75dbaa31618def",
    "https://esm.sh/@supabase/supabase-js@2.47.16": "d95f1b7f9ee6655f70e710e2abaa8b1525c47e6fe301f5be5289e3d884382370",
    "https://esm.sh/@supabase/supabase-js@2.47.16/denonext/supabase-js.mjs": "1be56f3b09f8c7ad423fb37670118a335c61a73d6463e9bb355c721d76075d29",
    "https://esm.sh/bufferutil@4.0.9/denonext/bufferutil.mjs": "13dca4d5bb2c68cbe119f880fa3bd785b9a81a8e02e0834dae604b4b85295cd8",
    "https://esm.sh/bufferutil@4.0.9?target=denonext": "e32574569ab438facfcc3f412c659b0719bbf05477136ca176938c9a3ac45125",
    "https://esm.sh/node-gyp-build@4.8.4/denonext/node-gyp-build.mjs": "9a86f2d044fc77bd60aaa3d697c2ba1b818da5fb1b9aaeedec59a40b8e908803",
    "https://esm.sh/node-gyp-build@4.8.4?target=denonext": "261a6cedf1fdbf159798141ba1e2311ac1510682c5c8b55dacc8cf5fdee4aa06",
    "https://esm.sh/tr46@0.0.3/denonext/tr46.mjs": "5753ec0a99414f4055f0c1f97691100f13d88e48a8443b00aebb90a512785fa2",
    "https://esm.sh/tr46@0.0.3?target=denonext": "19cb9be0f0d418a0c3abb81f2df31f080e9540a04e43b0f699bce1149cba0cbb",
    "https://esm.sh/utf-8-validate@6.0.5/denonext/utf-8-validate.mjs": "66b8ea532a0c745068f5b96ddb1bae332c3036703243541d2e89e66331974d98",
    "https://esm.sh/utf-8-validate@6.0.5?target=denonext": "071bc33ba1a58297e23a34d69dd589fd06df04b0f373b382ff5da544a623f271",
    "https://esm.sh/webidl-conversions@3.0.1/denonext/webidl-conversions.mjs": "54b5c2d50a294853c4ccebf9d5ed8988c94f4e24e463d84ec859a866ea5fafec",
    "https://esm.sh/webidl-conversions@3.0.1?target=denonext": "4e20318d50528084616c79d7b3f6e7f0fe7b6d09013bd01b3974d7448d767e29",
    "https://esm.sh/whatwg-url@5.0.0/denonext/whatwg-url.mjs": "29b16d74ee72624c915745bbd25b617cfd2248c6af0f5120d131e232a9a9af79",
    "https://esm.sh/whatwg-url@5.0.0?target=denonext": "f001a2cadf81312d214ca330033f474e74d81a003e21e8c5d70a1f46dc97b02d",
    "https://esm.sh/ws@8.18.2/denonext/ws.mjs": "b9211ecb1511b09f418c1330920c66800b66710b2cd2997b64b7e0525bd895d2",
    "https://esm.sh/ws@8.18.2?target=denonext": "2ee7b1bb11543dda3e7e1c685ad8599b6f18aea785302374c3def5da468a1e51",
    "https://esm.sh/zod@3.22.4": "58f997d2fb4d837fdccc359937cfa92ec0c2870fcda1e58fa52eadd998b06dd1",
    "https://esm.sh/zod@3.22.4/denonext/zod.mjs": "2302c597fb6b5342e5f56ece83f759f82383376d7eca8d00eb56c41d2a65fb5b"
  },
  "workspace": {
    "packageJson": {
      "dependencies": [
        "npm:@matart15/eslint-config-specdest@0.0.7",
        "npm:@matart15/tool_config_prettier@0.0.7",
        "npm:@matart15/tool_config_typescript@0.0.2",
        "npm:@semantic-release/changelog@6.0.2",
        "npm:@semantic-release/commit-analyzer@9.0.2",
        "npm:@semantic-release/git@10.0.1",
        "npm:@semantic-release/npm@9.0.1",
        "npm:@semantic-release/release-notes-generator@10.0.3",
        "npm:@snaplet/copycat@5.0.0",
        "npm:@snaplet/seed@0.97.20",
        "npm:@types/node@20.10.5",
        "npm:@types/prettier@2.7.1",
        "npm:case@1.6.3",
        "npm:commander@9.4.1",
        "npm:cross-env@7.0.3",
        "npm:dotenv-cli@7.3.0",
        "npm:eslint@8.56.0",
        "npm:postgres@3.4.4",
        "npm:prettier@3.1.1",
        "npm:semantic-release@19.0.5",
        "npm:slash@5.0.0",
        "npm:supabase-to-zod@1.0.4",
        "npm:supabase@2.30.4",
        "npm:ts-node@10.9.1",
        "npm:tsup@6.5.0",
        "npm:tsx@4.9.3",
        "npm:typescript@5.3.3",
        "npm:zod@3.22.4"
      ]
    }
  }
}
